{
    "_readme": [
        "This file locks the dependencies of your project to a known state",
        "Read more about it at https://getcomposer.org/doc/01-basic-usage.md#composer-lock-the-lock-file",
        "This file is @generated automatically"
    ],
    "hash": "f5a4d11c818f9a9cc9e300c1b1d98637",
    "content-hash": "a8c57dfeb80077a517e7b69cbe9836bf",
    "packages": [
        {
            "name": "symfony/filesystem",
            "version": "v3.0.4",
            "source": {
                "type": "git",
                "url": "https://github.com/symfony/filesystem.git",
                "reference": "f82499a459dcade2ea56df94cc58b19c8bde3d20"
            },
            "dist": {
                "type": "zip",
                "url": "https://api.github.com/repos/symfony/filesystem/zipball/f82499a459dcade2ea56df94cc58b19c8bde3d20",
                "reference": "f82499a459dcade2ea56df94cc58b19c8bde3d20",
                "shasum": ""
            },
            "require": {
                "php": ">=5.5.9"
            },
            "type": "library",
            "extra": {
                "branch-alias": {
                    "dev-master": "3.0-dev"
                }
            },
            "autoload": {
                "psr-4": {
                    "Symfony\\Component\\Filesystem\\": ""
                },
                "exclude-from-classmap": [
                    "/Tests/"
                ]
            },
            "notification-url": "https://packagist.org/downloads/",
            "license": [
                "MIT"
            ],
            "authors": [
                {
                    "name": "Fabien Potencier",
                    "email": "fabien@symfony.com"
                },
                {
                    "name": "Symfony Community",
                    "homepage": "https://symfony.com/contributors"
                }
            ],
            "description": "Symfony Filesystem Component",
            "homepage": "https://symfony.com",
            "time": "2016-03-27 10:24:39"
        },
        {
            "name": "wizardsmine/src",
            "version": "dev-master",
            "source": {
                "type": "git",
                "url": "https://github.com/WizardsMine/Web-Package.git",
                "reference": "bffb51b46f54cd49cf7a3a9c7b138faadd788065"
            },
            "dist": {
                "type": "zip",
                "url": "https://api.github.com/repos/WizardsMine/Web-Package/zipball/bffb51b46f54cd49cf7a3a9c7b138faadd788065",
                "reference": "bffb51b46f54cd49cf7a3a9c7b138faadd788065",
                "shasum": ""
            },
            "require": {
                "php": ">=7.0.0",
                "symfony/filesystem": "^3.0"
            },
            "type": "library",
            "autoload": {
                "psr-4": {
                    "Wizard\\": ""
                }
            },
            "notification-url": "https://packagist.org/downloads/",
            "description": "The core of the WizardsMine framework",
            "time": "2016-04-26 19:02:57"
        }
    ],
    "packages-dev": [],
    "aliases": [],
    "minimum-stability": "stable",
    "stability-flags": {
        "wizardsmine/src": 20
    },
    "prefer-stable": false,
    "prefer-lowest": false,
    "platform": {
        "php": ">=7.0.0"
    },
    "platform-dev": []
}
